PODS:
  - Alamofire (4.9.1)
  - IQKeyboardManagerSwift (6.5.5)
  - MBProgressHUD (1.2.0)
  - SDWebImage (5.8.1):
    - SDWebImage/Core (= 5.8.1)
  - SDWebImage/Core (5.8.1)

DEPENDENCIES:
  - Alamofire
  - IQKeyboardManagerSwift
  - MBProgressHUD
  - SDWebImage (~> 5.0)

SPEC REPOS:
  trunk:
    - Alamofire
    - IQKeyboardManagerSwift
    - MBProgressHUD
    - SDWebImage

SPEC CHECKSUMS:
  Alamofire: 85e8a02c69d6020a0d734f6054870d7ecb75cf18
  IQKeyboardManagerSwift: 0fb93310284665245591f50f7a5e38de615960b7
  MBProgressHUD: 3ee5efcc380f6a79a7cc9b363dd669c5e1ae7406
  SDWebImage: e3eae2eda88578db0685a0c88597fdadd9433f05

PODFILE CHECKSUM: 922fc818fce5dafff0c653fba784b2d09da91d2a

COCOAPODS: 1.9.3
